github.com/ralvarezdev/tinygo-bno08x v0.5.12 h1:6uE/z+AA1aaiKco1N+TKH786ZdCAKLTG+0egWdJiGTs=
github.com/ralvarezdev/tinygo-bno08x v0.5.12/go.mod h1:2TqufwfncjcUiMoMJ4x0sYGaHFkEwGZt7FgsvPIRMFA=
github.com/ralvarezdev/tinygo-buffers v0.1.8 h1:5H2D0D+90uqQPXwzrDFcAZTydNYDnYlK3E4S6fQ0Hww=
github.com/ralvarezdev/tinygo-buffers v0.1.8/go.mod h1:Rc0yxPm8saRZ++pRNrY0J/8R7bQ9cU4KSHX8+1BMbJY=
github.com/ralvarezdev/tinygo-errors v0.0.4 h1:nuqApi7tEzPSSf2/3Uqxxizwftvoxczaec9BA95Hcj4=
github.com/ralvarezdev/tinygo-errors v0.0.4/go.mod h1:PlkyrG60saZetwFX1mPhve+9l2pneVH7c8q5w4sxe8M=
github.com/ralvarezdev/tinygo-escmotor v0.2.6 h1:fAlvSNuCiZGMR+j8AOkY0p6/dCwC9XohNPQbtuTOnuQ=
github.com/ralvarezdev/tinygo-escmotor v0.2.6/go.mod h1:BwzGt5uLP4BOCqqfYf8bDCteb5ilKwge2l1feBNSHGc=
github.com/ralvarezdev/tinygo-logger v0.0.14 h1:Kjh0+/Hdh/hbE9+dWxYzICYGK0vltKWh09RepkJAj1I=
github.com/ralvarezdev/tinygo-logger v0.0.14/go.mod h1:jY7KRsqIaM/oXPCRTCbGOI/0FpNVc9kK/17f2d3/YaU=
github.com/ralvarezdev/tinygo-pullup v0.0.2 h1:e/IxvQ1NCNt6EvERqjmmN1mqBeVDn+OMJyx0h0hmd08=
github.com/ralvarezdev/tinygo-pullup v0.0.2/go.mod h1:B14xUpAH1pZhPFIYBeHSMpvE9jChTI4B+lTXcQlizdo=
github.com/ralvarezdev/tinygo-pwm v0.1.1 h1:bytmDqrnb8M0YFxzMeLlRrhXR8InJSzD+KvqdsPbq/E=
github.com/ralvarezdev/tinygo-pwm v0.1.1/go.mod h1:7UIppP1HoK+Y89DlhTA3gUE/7ujiVJi+K1c0uO3SGOw=
github.com/ralvarezdev/tinygo-servo v0.2.5 h1:QRQVDtSqbb6mp+61xYHnjCO4F5dZW7a1/WB+3137nkg=
github.com/ralvarezdev/tinygo-servo v0.2.5/go.mod h1:hNp5/O2q7B2wdrvKTr42TKsjar3dcPkiGHHIcvcZIm4=
github.com/soypat/cyw43439 v0.0.0-20250505012923-830110c8f4af h1:ZfFq94aH/BCSWWKd9RPUgdHOdgGKCnfl2VdvU9UksTA=
github.com/soypat/cyw43439 v0.0.0-20250505012923-830110c8f4af/go.mod h1:MUaGO5m6X7xrkHrPDmnaxCEcuCCFN/0ZFh9oie+exbU=
github.com/soypat/seqs v0.0.0-20250630134107-01c3f05666ba h1:NaIxs8iRVTAGBY4xiCy1Jqex3mIPodyLHppYvxUjJEk=
github.com/soypat/seqs v0.0.0-20250630134107-01c3f05666ba/go.mod h1:oCVCNGCHMKoBj97Zp9znLbQ1nHxpkmOY9X+UAGzOxc8=
github.com/tinygo-org/pio v0.2.0 h1:vo3xa6xDZ2rVtxrks/KcTZHF3qq4lyWOntvEvl2pOhU=
github.com/tinygo-org/pio v0.2.0/go.mod h1:LU7Dw00NJ+N86QkeTGjMLNkYcEYMor6wTDpTCu0EaH8=
golang.org/x/exp v0.0.0-20250819193227-8b4c13bb791b h1:DXr+pvt3nC887026GRP39Ej11UATqWDmWuS99x26cD0=
golang.org/x/exp v0.0.0-20250819193227-8b4c13bb791b/go.mod h1:4QTo5u+SEIbbKW1RacMZq1YEfOBqeXa19JeshGi+zc4=
