github.com/ralvarezdev/tinygo-bno08x v0.5.10 h1:z2L87Po2OhkAPsOv1WzsU6JvEdJx4wXU1LFqPjmH8cY=
github.com/ralvarezdev/tinygo-bno08x v0.5.10/go.mod h1:xdWKW6b3R5ooBPrI5aFjuQkk4hSSaQq7fc9uimK67RM=
github.com/ralvarezdev/tinygo-buffers v0.1.3 h1:JUuNgQVEAwQ3tp889go63jgTySouquKJJCsPFzk2MOg=
github.com/ralvarezdev/tinygo-buffers v0.1.3/go.mod h1:Rc0yxPm8saRZ++pRNrY0J/8R7bQ9cU4KSHX8+1BMbJY=
github.com/ralvarezdev/tinygo-errors v0.0.4 h1:nuqApi7tEzPSSf2/3Uqxxizwftvoxczaec9BA95Hcj4=
github.com/ralvarezdev/tinygo-errors v0.0.4/go.mod h1:PlkyrG60saZetwFX1mPhve+9l2pneVH7c8q5w4sxe8M=
github.com/ralvarezdev/tinygo-escmotor v0.0.8 h1:nuEEgQNfk5ET3Qmm4owbZdA/xg1nyD4kA4BiDKSzqhk=
github.com/ralvarezdev/tinygo-escmotor v0.0.8/go.mod h1:JiYpI5tDrlVoccdCSBHy4c9wksdgutrEUJ/HvnCMAiI=
github.com/ralvarezdev/tinygo-logger v0.0.9 h1:S19f+yoWqvXJQLas6YJ5dUGRGhR+Qhk64mLGkcfW+dw=
github.com/ralvarezdev/tinygo-logger v0.0.9/go.mod h1:nkyqp2ph54sYYe6A6XMy9L8aEx7N7jVaVUL9uJCRVFo=
github.com/ralvarezdev/tinygo-pullup v0.0.2 h1:e/IxvQ1NCNt6EvERqjmmN1mqBeVDn+OMJyx0h0hmd08=
github.com/ralvarezdev/tinygo-pullup v0.0.2/go.mod h1:B14xUpAH1pZhPFIYBeHSMpvE9jChTI4B+lTXcQlizdo=
github.com/ralvarezdev/tinygo-servo v0.1.0 h1:c50KXqRyWfpme3g34KtNBSx3Bx7s8eXDauwJstwH9EE=
github.com/ralvarezdev/tinygo-servo v0.1.0/go.mod h1:Z25UGunTeimFZOD/bZ5bvSim+HDOF1FxLzDzguLVXLE=
github.com/soypat/cyw43439 v0.0.0-20250505012923-830110c8f4af h1:ZfFq94aH/BCSWWKd9RPUgdHOdgGKCnfl2VdvU9UksTA=
github.com/soypat/cyw43439 v0.0.0-20250505012923-830110c8f4af/go.mod h1:MUaGO5m6X7xrkHrPDmnaxCEcuCCFN/0ZFh9oie+exbU=
github.com/soypat/seqs v0.0.0-20250630134107-01c3f05666ba h1:NaIxs8iRVTAGBY4xiCy1Jqex3mIPodyLHppYvxUjJEk=
github.com/soypat/seqs v0.0.0-20250630134107-01c3f05666ba/go.mod h1:oCVCNGCHMKoBj97Zp9znLbQ1nHxpkmOY9X+UAGzOxc8=
github.com/tinygo-org/pio v0.2.0 h1:vo3xa6xDZ2rVtxrks/KcTZHF3qq4lyWOntvEvl2pOhU=
github.com/tinygo-org/pio v0.2.0/go.mod h1:LU7Dw00NJ+N86QkeTGjMLNkYcEYMor6wTDpTCu0EaH8=
golang.org/x/exp v0.0.0-20250819193227-8b4c13bb791b h1:DXr+pvt3nC887026GRP39Ej11UATqWDmWuS99x26cD0=
golang.org/x/exp v0.0.0-20250819193227-8b4c13bb791b/go.mod h1:4QTo5u+SEIbbKW1RacMZq1YEfOBqeXa19JeshGi+zc4=
tinygo.org/x/drivers v0.33.0 h1:5r8Ab0IxjWQi7LzYLNWpya6U4nedo9ZtxeMaAzrJTG8=
tinygo.org/x/drivers v0.33.0/go.mod h1:ZdErNrApSABdVXjA1RejD67R8SNRI6RKVfYgQDZtKtk=
