github.com/ralvarezdev/tinygo-bno08x v0.5.8 h1:S4U2wm7TbsIKaZa0hYYVVMpM0SMBerGQLJCSA1SzhIE=
github.com/ralvarezdev/tinygo-bno08x v0.5.8/go.mod h1:+0zRVqXRHL6M6cU6l4cVoc6TY504Xi9vlPAtlVZpR30=
github.com/ralvarezdev/tinygo-buffers v0.1.2 h1:Vjz0kBxhE8toK2hIWaZ0cj6at3TH+Ra/WUCeibNE4n8=
github.com/ralvarezdev/tinygo-buffers v0.1.2/go.mod h1:tGklXbGcbTrmFp/+qDUwQ4iSSdeUh/LDYxZ0P+Aeeko=
github.com/ralvarezdev/tinygo-escmotor v0.0.6 h1:R5j9y5Ky6uw6fCGO3GWDekB7tQ7H14tTSbeV8Khu4MY=
github.com/ralvarezdev/tinygo-escmotor v0.0.6/go.mod h1:WOWt9RANp0Ucw6XxNdU0lRhTXkLADXLqTWwlXBw5a04=
github.com/ralvarezdev/tinygo-logger v0.0.8 h1:QolIbrzqa1C1d6B1RSCauFi+P6qao4cz3HR5C1MVmDw=
github.com/ralvarezdev/tinygo-logger v0.0.8/go.mod h1:Jeu5eEn4KsUBx3YO4W6zZXZF9CalGpeAwFVcVW8POGw=
github.com/ralvarezdev/tinygo-pullup v0.0.1 h1:/pJAtqWOAUMjSUhTKpb8iELGduGtou/O0Du2PeEX3mo=
github.com/ralvarezdev/tinygo-pullup v0.0.1/go.mod h1:buw/PVqfDr14cnoGzoiWit3mM5mv79m5o/wui31ITxc=
github.com/ralvarezdev/tinygo-servo v0.0.6 h1:BniYWSWyeJGqBWoR7zYFTGbaG0hc0opZzV+E0tpGqo0=
github.com/ralvarezdev/tinygo-servo v0.0.6/go.mod h1:8yhxHCqZMiED7jDY36fKKd5I8UfGfZx1JWQw65hVOJo=
github.com/ralvarezdev/tinygo-types v0.0.3 h1:h8ogOD2lOVxR+w5i6o+v/8qTROFA2KBjVXBM7NT3SMc=
github.com/ralvarezdev/tinygo-types v0.0.3/go.mod h1:2u3ApwAtIqGZ6wDsmUYt44bIk1DEn06INNjtfWndCr4=
github.com/soypat/cyw43439 v0.0.0-20250505012923-830110c8f4af h1:ZfFq94aH/BCSWWKd9RPUgdHOdgGKCnfl2VdvU9UksTA=
github.com/soypat/cyw43439 v0.0.0-20250505012923-830110c8f4af/go.mod h1:MUaGO5m6X7xrkHrPDmnaxCEcuCCFN/0ZFh9oie+exbU=
github.com/soypat/seqs v0.0.0-20250630134107-01c3f05666ba h1:NaIxs8iRVTAGBY4xiCy1Jqex3mIPodyLHppYvxUjJEk=
github.com/soypat/seqs v0.0.0-20250630134107-01c3f05666ba/go.mod h1:oCVCNGCHMKoBj97Zp9znLbQ1nHxpkmOY9X+UAGzOxc8=
github.com/tinygo-org/pio v0.2.0 h1:vo3xa6xDZ2rVtxrks/KcTZHF3qq4lyWOntvEvl2pOhU=
github.com/tinygo-org/pio v0.2.0/go.mod h1:LU7Dw00NJ+N86QkeTGjMLNkYcEYMor6wTDpTCu0EaH8=
golang.org/x/exp v0.0.0-20250819193227-8b4c13bb791b h1:DXr+pvt3nC887026GRP39Ej11UATqWDmWuS99x26cD0=
golang.org/x/exp v0.0.0-20250819193227-8b4c13bb791b/go.mod h1:4QTo5u+SEIbbKW1RacMZq1YEfOBqeXa19JeshGi+zc4=
tinygo.org/x/drivers v0.33.0 h1:5r8Ab0IxjWQi7LzYLNWpya6U4nedo9ZtxeMaAzrJTG8=
tinygo.org/x/drivers v0.33.0/go.mod h1:ZdErNrApSABdVXjA1RejD67R8SNRI6RKVfYgQDZtKtk=
