github.com/creack/goselect v0.1.2 h1:2DNy14+JPjRBgPzAd1thbQp4BSIihxcBf0IXhQXDRa0=
github.com/creack/goselect v0.1.2/go.mod h1:a/NhLweNvqIYMuxcMOuWY516Cimucms3DglDzQP3hKY=
github.com/davecgh/go-spew v1.1.1 h1:vj9j/u1bqnvCEfJOwUhtlOARqs3+rkHYY13jYWTU97c=
github.com/davecgh/go-spew v1.1.1/go.mod h1:J7Y8YcW2NihsgmVo/mv3lAwl/skON4iLHjSsI+c5H38=
github.com/pmezard/go-difflib v1.0.0 h1:4DBwDE0NGyQoBHbLQYPwSUPoCMWR5BEzIk/f1lZbAQM=
github.com/pmezard/go-difflib v1.0.0/go.mod h1:iKH77koFhYxTK1pcRnkKkqfTogsbg7gZNVY4sRDYZ/4=
github.com/ralvarezdev/go-concurrent-logger v0.1.5 h1:CbvtpRT6RKGyvAaTSJNgb3wBjuTqLuJ/++HM02pzSKI=
github.com/ralvarezdev/go-concurrent-logger v0.1.5/go.mod h1:gjU7lyMbdgVOaVDatFgtM77YLZmYedZaMFy/xfAM/XY=
github.com/ralvarezdev/go-context v0.0.1 h1:FInuzYGKiPBenD6+doVrrvu6C2s/Oh93h6lO7rWujMI=
github.com/ralvarezdev/go-context v0.0.1/go.mod h1:wOyMbWyhhM8GwT3bzZ6Gvx8rJQfAXYpDwN9PUB7uR0M=
github.com/ralvarezdev/go-crypto v0.6.4 h1:eX257KaSWGa4zU+COX7Ja0yzbkAPdwRAtPlDaejLWqE=
github.com/ralvarezdev/go-crypto v0.6.4/go.mod h1:jY/KGELdLAiBZSbn7x5jRGCDifEGF4X5GvhgAFZJnSM=
github.com/ralvarezdev/go-hailo-clip-handler v0.1.8 h1:WiIQWDC9+EEFUvbOVmdn7ul1HvULdAl5f+ofuBQrMUE=
github.com/ralvarezdev/go-hailo-clip-handler v0.1.8/go.mod h1:MRhGHEYWPmd86ONJxMSSFH/1ZFw7VmUOheg9g9szwDY=
github.com/ralvarezdev/go-rplidar-sdk-handler v0.1.12 h1:zriTBdH29bpKnyLjWPOCSe8YdyNY5UwbLWvwWZ+adCs=
github.com/ralvarezdev/go-rplidar-sdk-handler v0.1.12/go.mod h1:qTJR9NM8wQi5ja5aQIIwAZ19vTR9tHTQKmSPLsHjhas=
github.com/ralvarezdev/go-strings v0.1.12 h1:AtOPDJ4lVO+33p7O4uECdD4C4D037h256zWz9uQ5eIQ=
github.com/ralvarezdev/go-strings v0.1.12/go.mod h1:8sFOqmPJpqzS7bTjf91EzUCITnwpmkfifwY80GxV5r8=
github.com/ralvarezdev/go-tinygo-errors v0.1.9 h1:G7zle5mbxST73NPYOLpr8lw0GOczfjRng3HosiTtqTM=
github.com/ralvarezdev/go-tinygo-errors v0.1.9/go.mod h1:1BmoP8we6T94Lg1b6Vbe4jjWfMFEuMbyE6WnY7cbFvs=
github.com/ralvarezdev/tinygo-errors v0.0.4 h1:nuqApi7tEzPSSf2/3Uqxxizwftvoxczaec9BA95Hcj4=
github.com/ralvarezdev/tinygo-errors v0.0.4/go.mod h1:PlkyrG60saZetwFX1mPhve+9l2pneVH7c8q5w4sxe8M=
github.com/stretchr/testify v1.8.4 h1:CcVxjf3Q8PM0mHUKJCdn+eZZtm5yQwehR5yeSVQQcUk=
github.com/stretchr/testify v1.8.4/go.mod h1:sz/lmYIOXD/1dqDmKjjqLyZ2RngseejIcXlSw2iwfAo=
go.bug.st/serial v1.6.4 h1:7FmqNPgVp3pu2Jz5PoPtbZ9jJO5gnEnZIvnI1lzve8A=
go.bug.st/serial v1.6.4/go.mod h1:nofMJxTeNVny/m6+KaafC6vJGj3miwQZ6vW4BZUGJPI=
golang.org/x/sync v0.17.0 h1:l60nONMj9l5drqw6jlhIELNv9I0A4OFgRsG9k2oT9Ug=
golang.org/x/sync v0.17.0/go.mod h1:9KTHXmSnoGruLpwFjVSX0lNNA75CykiMECbovNTZqGI=
golang.org/x/sys v0.19.0 h1:q5f1RH2jigJ1MoAWp2KTp3gm5zAGFUTarQZ5U386+4o=
golang.org/x/sys v0.19.0/go.mod h1:/VUhepiaJMQUp4+oa/7Zr1D23ma6VTLIYjOOTFZPUcA=
gopkg.in/yaml.v3 v3.0.1 h1:fxVm/GzAzEWqLHuvctI91KS9hhNmmWOoWu0XTYJS7CA=
gopkg.in/yaml.v3 v3.0.1/go.mod h1:K4uyk7z7BCEPqu6E+C64Yfv1cQ7kz7rIZviUmN+EgEM=
