github.com/ralvarezdev/go-crypto v0.6.4 h1:eX257KaSWGa4zU+COX7Ja0yzbkAPdwRAtPlDaejLWqE=
github.com/ralvarezdev/go-crypto v0.6.4/go.mod h1:jY/KGELdLAiBZSbn7x5jRGCDifEGF4X5GvhgAFZJnSM=
github.com/ralvarezdev/go-strings v0.1.12 h1:AtOPDJ4lVO+33p7O4uECdD4C4D037h256zWz9uQ5eIQ=
github.com/ralvarezdev/go-strings v0.1.12/go.mod h1:8sFOqmPJpqzS7bTjf91EzUCITnwpmkfifwY80GxV5r8=
golang.org/x/sync v0.16.0 h1:ycBJEhp9p4vXvUZNszeOq0kGTPghopOL8q0fq3vstxw=
golang.org/x/sync v0.16.0/go.mod h1:1dzgHSNfp02xaA81J2MS99Qcpr2w7fw1gpm99rleRqA=
